
Microsoft Visual Studio Solution File, Format Version 12.00
# Visual Studio Version 16
VisualStudioVersion = 16.0.29609.76
MinimumVisualStudioVersion = 10.0.40219.1
Project("{FAE04EC0-301F-11D3-BF4B-00C04F79EFBC}") = "Lab_2_tp", "Lab_2_tp\Lab_2_tp.csproj", "{ED252C65-8A5F-4259-B0D8-FACD7246BFC4}"
EndProject
Global
	GlobalSection(SolutionConfigurationPlatforms) = preSolution
		Debug|Any CPU = Debug|Any CPU
		Release|Any CPU = Release|Any CPU
	EndGlobalSection
	GlobalSection(ProjectConfigurationPlatforms) = postSolution
		{ED252C65-8A5F-4259-B0D8-FACD7246BFC4}.Debug|Any CPU.ActiveCfg = Debug|Any CPU
		{ED252C65-8A5F-4259-B0D8-FACD7246BFC4}.Debug|Any CPU.Build.0 = Debug|Any CPU
		{ED252C65-8A5F-4259-B0D8-FACD7246BFC4}.Release|Any CPU.ActiveCfg = Release|Any CPU
		{ED252C65-8A5F-4259-B0D8-FACD7246BFC4}.Release|Any CPU.Build.0 = Release|Any CPU
	EndGlobalSection
	GlobalSection(SolutionProperties) = preSolution
		HideSolutionNode = FALSE
	EndGlobalSection
	GlobalSection(ExtensibilityGlobals) = postSolution
		SolutionGuid = {33F320D4-D353-40E9-821D-4E3CBA8052C0}
	EndGlobalSection
EndGlobal
